{
  "lockfile_version": "1",
  "packages": {
    "nodejs@latest": {
      "last_modified": "2024-09-10T15:01:03Z",
      "plugin_version": "0.0.2",
      "resolved": "github:NixOS/nixpkgs/5ed627539ac84809c78b2dd6d26a5cebeb5ae269#nodejs_22",
      "source": "devbox-search",
      "version": "22.8.0",
      "systems": {
        "aarch64-darwin": {
          "outputs": [
            {
              "name": "out",
              "path": "/nix/store/4r8kqr24z88m1xjbb1qf19p1mi6q35lp-nodejs-22.8.0",
              "default": true
            },
            {
              "name": "libv8",
              "path": "/nix/store/rqpibvqcpjxx26ls9kmdq1fr5yckss9l-nodejs-22.8.0-libv8"
            }
          ],
          "store_path": "/nix/store/4r8kqr24z88m1xjbb1qf19p1mi6q35lp-nodejs-22.8.0"
        },
        "aarch64-linux": {
          "outputs": [
            {
              "name": "out",
              "path": "/nix/store/1wzl2brm8p6sb5b3wsdnn02m56cq36d4-nodejs-22.8.0",
              "default": true
            },
            {
              "name": "libv8",
              "path": "/nix/store/4dwa28gc3w0gr672pcf3j4lfncymdqjf-nodejs-22.8.0-libv8"
            }
          ],
          "store_path": "/nix/store/1wzl2brm8p6sb5b3wsdnn02m56cq36d4-nodejs-22.8.0"
        },
        "x86_64-darwin": {
          "outputs": [
            {
              "name": "out",
              "path": "/nix/store/mcdq9d48r8c2j29zgr7i80vnjzwh2lc3-nodejs-22.8.0",
              "default": true
            },
            {
              "name": "libv8",
              "path": "/nix/store/16kfmgbsspjg1kpdvf9np5v2h371dh40-nodejs-22.8.0-libv8"
            }
          ],
          "store_path": "/nix/store/mcdq9d48r8c2j29zgr7i80vnjzwh2lc3-nodejs-22.8.0"
        },
        "x86_64-linux": {
          "outputs": [
            {
              "name": "out",
              "path": "/nix/store/xsrv93rg8vi05k9ig6v9mcvcyn01n6n2-nodejs-22.8.0",
              "default": true
            },
            {
              "name": "libv8",
              "path": "/nix/store/gp8fkyafy0anm5pgdcq2x3qs2fm8syhl-nodejs-22.8.0-libv8"
            }
          ],
          "store_path": "/nix/store/xsrv93rg8vi05k9ig6v9mcvcyn01n6n2-nodejs-22.8.0"
        }
      }
    },
    "pnpm@latest": {
      "last_modified": "2024-09-13T05:52:00Z",
      "resolved": "github:NixOS/nixpkgs/673d99f1406cb09b8eb6feab4743ebdf70046557#pnpm",
      "source": "devbox-search",
      "version": "9.10.0",
      "systems": {
        "aarch64-darwin": {
          "outputs": [
            {
              "name": "out",
              "path": "/nix/store/78jk4n2nn48f19cincpzk0fk1ylnhfw1-pnpm-9.10.0",
              "default": true
            }
          ],
          "store_path": "/nix/store/78jk4n2nn48f19cincpzk0fk1ylnhfw1-pnpm-9.10.0"
        },
        "aarch64-linux": {
          "outputs": [
            {
              "name": "out",
              "path": "/nix/store/sgkja64j6077yla4wm0f1zck60imxxv6-pnpm-9.10.0",
              "default": true
            }
          ],
          "store_path": "/nix/store/sgkja64j6077yla4wm0f1zck60imxxv6-pnpm-9.10.0"
        },
        "x86_64-darwin": {
          "outputs": [
            {
              "name": "out",
              "path": "/nix/store/zw1lnwjig1anr1gjkp5ps5g0pd03hxmn-pnpm-9.10.0",
              "default": true
            }
          ],
          "store_path": "/nix/store/zw1lnwjig1anr1gjkp5ps5g0pd03hxmn-pnpm-9.10.0"
        },
        "x86_64-linux": {
          "outputs": [
            {
              "name": "out",
              "path": "/nix/store/8zlqhgw5hbakbk2850wvky9x2vqbsqyw-pnpm-9.10.0",
              "default": true
            }
          ],
          "store_path": "/nix/store/8zlqhgw5hbakbk2850wvky9x2vqbsqyw-pnpm-9.10.0"
        }
      }
    },
    "postgresql@latest": {
      "last_modified": "2024-09-17T14:38:52Z",
      "plugin_version": "0.0.2",
      "resolved": "github:NixOS/nixpkgs/658e7223191d2598641d50ee4e898126768fe847#postgresql",
      "source": "devbox-search",
      "version": "16.4",
      "systems": {
        "aarch64-darwin": {
          "outputs": [
            {
              "name": "out",
              "path": "/nix/store/fln3gcl40fwynfjr5fkpyqjhll4jqyhm-postgresql-16.4",
              "default": true
            },
            {
              "name": "man",
              "path": "/nix/store/npkdasdws60qy0j0kznqwnbizcjx5m0q-postgresql-16.4-man",
              "default": true
            },
            {
              "name": "dev",
              "path": "/nix/store/63r8cs0kjscq50r93k97aijddx2mjwm9-postgresql-16.4-dev"
            },
            {
              "name": "doc",
              "path": "/nix/store/akn2wpw56q2cwwpa3kdd4isklaqk375s-postgresql-16.4-doc"
            },
            {
              "name": "lib",
              "path": "/nix/store/5i4svw3nbn239hhzrl857bkbqb5h1aq1-postgresql-16.4-lib"
            }
          ],
          "store_path": "/nix/store/fln3gcl40fwynfjr5fkpyqjhll4jqyhm-postgresql-16.4"
        },
        "aarch64-linux": {
          "outputs": [
            {
              "name": "out",
              "path": "/nix/store/7bm8jppsyml2lkzzbw5kg6ahmvwlnxsb-postgresql-16.4",
              "default": true
            },
            {
              "name": "man",
              "path": "/nix/store/4i96xjnrsxgcpizmr6v7gmc25zminnl2-postgresql-16.4-man",
              "default": true
            },
            {
              "name": "doc",
              "path": "/nix/store/bh5km6cln45kf1pfwahdslpc9cydrm4v-postgresql-16.4-doc"
            },
            {
              "name": "lib",
              "path": "/nix/store/3crpddg2akfnpg19plbbfyxny13ygdaf-postgresql-16.4-lib"
            },
            {
              "name": "debug",
              "path": "/nix/store/w6hs71a695sf2n00km946bb1v36xc2qg-postgresql-16.4-debug"
            },
            {
              "name": "dev",
              "path": "/nix/store/ycbf1qw3x8wc3a7z6mjwkzmyhc43s2wn-postgresql-16.4-dev"
            }
          ],
          "store_path": "/nix/store/7bm8jppsyml2lkzzbw5kg6ahmvwlnxsb-postgresql-16.4"
        },
        "x86_64-darwin": {
          "outputs": [
            {
              "name": "out",
              "path": "/nix/store/ywikp0nf87afr4qs2dvjxiknwzyf6n5b-postgresql-16.4",
              "default": true
            },
            {
              "name": "man",
              "path": "/nix/store/n66gp6v6zd5fxwh2j72jjx5d427fpibp-postgresql-16.4-man",
              "default": true
            },
            {
              "name": "dev",
              "path": "/nix/store/sb23d37zmmymsn268d9lcpgd0j939117-postgresql-16.4-dev"
            },
            {
              "name": "doc",
              "path": "/nix/store/ayarhx2gw8y5j648r4jfsl8l54s5nb8i-postgresql-16.4-doc"
            },
            {
              "name": "lib",
              "path": "/nix/store/k5n25gjgfbxwyjhzf2il0b93q18gdsr7-postgresql-16.4-lib"
            }
          ],
          "store_path": "/nix/store/ywikp0nf87afr4qs2dvjxiknwzyf6n5b-postgresql-16.4"
        },
        "x86_64-linux": {
          "outputs": [
            {
              "name": "out",
              "path": "/nix/store/1gax5xs6h1b70gk7z274kx4qh04hsn96-postgresql-16.4",
              "default": true
            },
            {
              "name": "man",
              "path": "/nix/store/43pzfj4xv6r022jmnmx2n648ycqy8rhx-postgresql-16.4-man",
              "default": true
            },
            {
              "name": "debug",
              "path": "/nix/store/isrqqmd5ckwwsgk708q981h3h7ijixkv-postgresql-16.4-debug"
            },
            {
              "name": "dev",
              "path": "/nix/store/45if5nl708nhayxnaqh7h2scz9pn4mn8-postgresql-16.4-dev"
            },
            {
              "name": "doc",
              "path": "/nix/store/plf9diy9a5l5fmfl8pvlgmpxkc3ixhb3-postgresql-16.4-doc"
            },
            {
              "name": "lib",
              "path": "/nix/store/l54jqbzqhghvy3g9kqhmcha9z3vzzrxr-postgresql-16.4-lib"
            }
          ],
          "store_path": "/nix/store/1gax5xs6h1b70gk7z274kx4qh04hsn96-postgresql-16.4"
        }
      }
    }
  }
}
